
Microsoft Visual Studio Solution File, Format Version 9.00
# Visual C# Express 2005
Project("{FAE04EC0-301F-11D3-BF4B-00C04F79EFBC}") = "DATASAMPLER", "DATASAMPLER\DATASAMPLER.csproj", "{FDF47744-C377-45CC-BD1C-93552480DD44}"
EndProject
Project("{FAE04EC0-301F-11D3-BF4B-00C04F79EFBC}") = "WGFMU_SAMPLE_Lib", "..\WGFMU_SAMPLE_Lib\WGFMU_SAMPLE_Lib\WGFMU_SAMPLE_Lib.csproj", "{4901898E-0F48-4E53-A462-26DEE520B6C2}"
EndProject
Global
	GlobalSection(SolutionConfigurationPlatforms) = preSolution
		Debug|Any CPU = Debug|Any CPU
		Debug|x86 = Debug|x86
		Release|Any CPU = Release|Any CPU
		Release|x86 = Release|x86
	EndGlobalSection
	GlobalSection(ProjectConfigurationPlatforms) = postSolution
		{FDF47744-C377-45CC-BD1C-93552480DD44}.Debug|Any CPU.ActiveCfg = Debug|Any CPU
		{FDF47744-C377-45CC-BD1C-93552480DD44}.Debug|Any CPU.Build.0 = Debug|Any CPU
		{FDF47744-C377-45CC-BD1C-93552480DD44}.Debug|x86.ActiveCfg = Debug|x86
		{FDF47744-C377-45CC-BD1C-93552480DD44}.Debug|x86.Build.0 = Debug|x86
		{FDF47744-C377-45CC-BD1C-93552480DD44}.Release|Any CPU.ActiveCfg = Release|Any CPU
		{FDF47744-C377-45CC-BD1C-93552480DD44}.Release|Any CPU.Build.0 = Release|Any CPU
		{FDF47744-C377-45CC-BD1C-93552480DD44}.Release|x86.ActiveCfg = Release|x86
		{FDF47744-C377-45CC-BD1C-93552480DD44}.Release|x86.Build.0 = Release|x86
		{4901898E-0F48-4E53-A462-26DEE520B6C2}.Debug|Any CPU.ActiveCfg = Debug|Any CPU
		{4901898E-0F48-4E53-A462-26DEE520B6C2}.Debug|Any CPU.Build.0 = Debug|Any CPU
		{4901898E-0F48-4E53-A462-26DEE520B6C2}.Debug|x86.ActiveCfg = Debug|x86
		{4901898E-0F48-4E53-A462-26DEE520B6C2}.Debug|x86.Build.0 = Debug|x86
		{4901898E-0F48-4E53-A462-26DEE520B6C2}.Release|Any CPU.ActiveCfg = Release|Any CPU
		{4901898E-0F48-4E53-A462-26DEE520B6C2}.Release|Any CPU.Build.0 = Release|Any CPU
		{4901898E-0F48-4E53-A462-26DEE520B6C2}.Release|x86.ActiveCfg = Release|x86
		{4901898E-0F48-4E53-A462-26DEE520B6C2}.Release|x86.Build.0 = Release|x86
	EndGlobalSection
	GlobalSection(SolutionProperties) = preSolution
		HideSolutionNode = FALSE
	EndGlobalSection
EndGlobal
